# This file is automatically @generated by Poetry 2.2.1 and should not be changed by hand.

[[package]]
name = "asgiref"
version = "3.10.0"
description = "ASGI specs, helper code, and adapters"
optional = false
python-versions = ">=3.9"
groups = ["main"]
files = [
    {file = "asgiref-3.10.0-py3-none-any.whl", hash = "sha256:aef8a81283a34d0ab31630c9b7dfe70c812c95eba78171367ca8745e88124734"},
    {file = "asgiref-3.10.0.tar.gz", hash = "sha256:d89f2d8cd8b56dada7d52fa7dc8075baa08fb836560710d38c292a7a3f78c04e"},
]

[package.extras]
tests = ["mypy (>=1.14.0)", "pytest", "pytest-asyncio"]

[[package]]
name = "django"
version = "5.2.8"
description = "A high-level Python web framework that encourages rapid development and clean, pragmatic design."
optional = false
python-versions = ">=3.10"
groups = ["main"]
files = [
    {file = "django-5.2.8-py3-none-any.whl", hash = "sha256:37e687f7bd73ddf043e2b6b97cfe02fcbb11f2dbb3adccc6a2b18c6daa054d7f"},
    {file = "django-5.2.8.tar.gz", hash = "sha256:23254866a5bb9a2cfa6004e8b809ec6246eba4b58a7589bc2772f1bcc8456c7f"},
]

[package.dependencies]
asgiref = ">=3.8.1"
sqlparse = ">=0.3.1"
tzdata = {version = "*", markers = "sys_platform == \"win32\""}

[package.extras]
argon2 = ["argon2-cffi (>=19.1.0)"]
bcrypt = ["bcrypt"]

[[package]]
name = "django-cors-headers"
version = "4.9.0"
description = "django-cors-headers is a Django application for handling the server headers required for Cross-Origin Resource Sharing (CORS)."
optional = false
python-versions = ">=3.9"
groups = ["main"]
files = [
    {file = "django_cors_headers-4.9.0-py3-none-any.whl", hash = "sha256:15c7f20727f90044dcee2216a9fd7303741a864865f0c3657e28b7056f61b449"},
    {file = "django_cors_headers-4.9.0.tar.gz", hash = "sha256:fe5d7cb59fdc2c8c646ce84b727ac2bca8912a247e6e68e1fb507372178e59e8"},
]

[package.dependencies]
asgiref = ">=3.6"
django = ">=4.2"

[[package]]
name = "django-debug-toolbar"
version = "6.1.0"
description = "A configurable set of panels that display various debug information about the current request/response."
optional = false
python-versions = ">=3.9"
groups = ["main"]
files = [
    {file = "django_debug_toolbar-6.1.0-py3-none-any.whl", hash = "sha256:e214dea4494087e7cebdcea84223819c5eb97f9de3110a3665ad673f0ba98413"},
    {file = "django_debug_toolbar-6.1.0.tar.gz", hash = "sha256:e962ec350c9be8bdba918138e975a9cdb193f60ec396af2bb71b769e8e165519"},
]

[package.dependencies]
django = ">=4.2.9"
sqlparse = ">=0.2"

[[package]]
name = "django-extensions"
version = "4.1"
description = "Extensions for Django"
optional = false
python-versions = ">=3.9"
groups = ["main"]
files = [
    {file = "django_extensions-4.1-py3-none-any.whl", hash = "sha256:0699a7af28f2523bf8db309a80278519362cd4b6e1fd0a8cd4bf063e1e023336"},
    {file = "django_extensions-4.1.tar.gz", hash = "sha256:7b70a4d28e9b840f44694e3f7feb54f55d495f8b3fa6c5c0e5e12bcb2aa3cdeb"},
]

[package.dependencies]
django = ">=4.2"

[[package]]
name = "django-rest-framework"
version = "0.1.0"
description = "alias."
optional = false
python-versions = "*"
groups = ["main"]
files = [
    {file = "django-rest-framework-0.1.0.tar.gz", hash = "sha256:47a8f496fa69e3b6bd79f68dd7a1527d907d6b77f009e9db7cf9bb21cc565e4a"},
]

[package.dependencies]
djangorestframework = "*"

[[package]]
name = "djangorestframework"
version = "3.16.1"
description = "Web APIs for Django, made easy."
optional = false
python-versions = ">=3.9"
groups = ["main"]
files = [
    {file = "djangorestframework-3.16.1-py3-none-any.whl", hash = "sha256:33a59f47fb9c85ede792cbf88bde71893bcda0667bc573f784649521f1102cec"},
    {file = "djangorestframework-3.16.1.tar.gz", hash = "sha256:166809528b1aced0a17dc66c24492af18049f2c9420dbd0be29422029cfc3ff7"},
]

[package.dependencies]
django = ">=4.2"

[[package]]
name = "environs"
version = "14.5.0"
description = "simplified environment variable parsing"
optional = false
python-versions = ">=3.10"
groups = ["main"]
files = [
    {file = "environs-14.5.0-py3-none-any.whl", hash = "sha256:1abd3e3a5721fb09797438d6c902bc2f35d4580dfaffe68b8ee588b67b504e13"},
    {file = "environs-14.5.0.tar.gz", hash = "sha256:f7b8f6fcf3301bc674bc9c03e39b5986d116126ffb96764efd34c339ed9464ee"},
]

[package.dependencies]
marshmallow = ">=3.18.0"
python-dotenv = "*"

[package.extras]
dev = ["environs[tests]", "pre-commit (>=4.0,<5.0)", "tox"]
django = ["dj-database-url", "dj-email-url", "django-cache-url"]
tests = ["backports.strenum ; python_version < \"3.11\"", "environs[django]", "packaging", "pytest"]

[[package]]
name = "marshmallow"
version = "4.1.0"
description = "A lightweight library for converting complex datatypes to and from native Python datatypes."
optional = false
python-versions = ">=3.10"
groups = ["main"]
files = [
    {file = "marshmallow-4.1.0-py3-none-any.whl", hash = "sha256:9901660499be3b880dc92d6b5ee0b9a79e94265b7793f71021f92040c07129f1"},
    {file = "marshmallow-4.1.0.tar.gz", hash = "sha256:daa9862f74e2f7864980d25c29b4ea72944cde48aa17537e3bd5797a4ae62d71"},
]

[package.extras]
dev = ["marshmallow[tests]", "pre-commit (>=3.5,<5.0)", "tox"]
docs = ["autodocsumm (==0.2.14)", "furo (==2025.9.25)", "sphinx (==8.2.3)", "sphinx-copybutton (==0.5.2)", "sphinx-issues (==5.0.1)", "sphinxext-opengraph (==0.13.0)"]
tests = ["pytest", "simplejson"]

[[package]]
name = "psycopg"
version = "3.2.12"
description = "PostgreSQL database adapter for Python"
optional = false
python-versions = ">=3.8"
groups = ["main"]
files = [
    {file = "psycopg-3.2.12-py3-none-any.whl", hash = "sha256:8a1611a2d4c16ae37eada46438be9029a35bb959bb50b3d0e1e93c0f3d54c9ee"},
    {file = "psycopg-3.2.12.tar.gz", hash = "sha256:85c08d6f6e2a897b16280e0ff6406bef29b1327c045db06d21f364d7cd5da90b"},
]

[package.dependencies]
psycopg-binary = {version = "3.2.12", optional = true, markers = "implementation_name != \"pypy\" and extra == \"binary\""}
tzdata = {version = "*", markers = "sys_platform == \"win32\""}

[package.extras]
binary = ["psycopg-binary (==3.2.12) ; implementation_name != \"pypy\""]
c = ["psycopg-c (==3.2.12) ; implementation_name != \"pypy\""]
dev = ["ast-comments (>=1.1.2)", "black (>=24.1.0)", "codespell (>=2.2)", "dnspython (>=2.1)", "flake8 (>=4.0)", "isort-psycopg", "isort[colors] (>=6.0)", "mypy (>=1.14)", "pre-commit (>=4.0.1)", "types-setuptools (>=57.4)", "types-shapely (>=2.0)", "wheel (>=0.37)"]
docs = ["Sphinx (>=5.0)", "furo (==2022.6.21)", "sphinx-autobuild (>=2021.3.14)", "sphinx-autodoc-typehints (>=1.12)"]
pool = ["psycopg-pool"]
test = ["anyio (>=4.0)", "mypy (>=1.14)", "pproxy (>=2.7)", "pytest (>=6.2.5)", "pytest-cov (>=3.0)", "pytest-randomly (>=3.5)"]

[[package]]
name = "psycopg-binary"
version = "3.2.12"
description = "PostgreSQL database adapter for Python -- C optimisation distribution"
optional = false
python-versions = ">=3.8"
groups = ["main"]
markers = "implementation_name != \"pypy\""
files = [
    {file = "psycopg_binary-3.2.12-cp310-cp310-macosx_10_9_x86_64.whl", hash = "sha256:13cd057f406d2c8063ae8b489395b089a7f23c39aff223b5ea39f0c4dd640550"},
    {file = "psycopg_binary-3.2.12-cp310-cp310-macosx_11_0_arm64.whl", hash = "sha256:ef92d5ba6213de060d1390b1f71f5c3b2fbb00b4d55edee39f3b07234538b64a"},
    {file = "psycopg_binary-3.2.12-cp310-cp310-manylinux2014_aarch64.manylinux_2_17_aarch64.whl", hash = "sha256:95f2806097a49bfd57e0c6a178f77b99487c53c157d9d507aee9c40dd58efdb4"},
    {file = "psycopg_binary-3.2.12-cp310-cp310-manylinux2014_ppc64le.manylinux_2_17_ppc64le.whl", hash = "sha256:ce68839da386f137bc8d814fdbeede8f89916b8605e3593a85b504a859243af9"},
    {file = "psycopg_binary-3.2.12-cp310-cp310-manylinux2014_x86_64.manylinux_2_17_x86_64.whl", hash = "sha256:940ac69ef6e89c17b3d30f3297a2ad03efdd06a4b1857f81bc533a9108a90eb9"},
    {file = "psycopg_binary-3.2.12-cp310-cp310-musllinux_1_2_aarch64.whl", hash = "sha256:310c95a68a9b948b89d6d187622757d57b6c26cece3c3f7c2cbb645ee36531b2"},
    {file = "psycopg_binary-3.2.12-cp310-cp310-musllinux_1_2_ppc64le.whl", hash = "sha256:f7c81bc60560be9eb3c23601237765069ebfa9881097ce19ca6b5ea17c5faa8f"},
    {file = "psycopg_binary-3.2.12-cp310-cp310-musllinux_1_2_x86_64.whl", hash = "sha256:1c1dbeb8e97d00a33dfa9987776ce3d1c1e4cc251dfbd663b8f9e173f5c89d17"},
    {file = "psycopg_binary-3.2.12-cp310-cp310-win_amd64.whl", hash = "sha256:8335d989a4e94df2ccd8a1acbba9d03c4157ea8d73b65b79d447c6dc10b001d8"},
    {file = "psycopg_binary-3.2.12-cp311-cp311-macosx_10_9_x86_64.whl", hash = "sha256:16db2549a31ccd4887bef05570d95036813ce25fd9810b523ba1c16b0f6cfd90"},
    {file = "psycopg_binary-3.2.12-cp311-cp311-macosx_11_0_arm64.whl", hash = "sha256:7b9a99ded7d19b24d3b6fa632b58e52bbdecde7e1f866c3b23d0c27b092af4e3"},
    {file = "psycopg_binary-3.2.12-cp311-cp311-manylinux2014_aarch64.manylinux_2_17_aarch64.whl", hash = "sha256:385c7b5cfffac115f413b8e32c941c85ea0960e0b94a6ef43bb260f774c54893"},
    {file = "psycopg_binary-3.2.12-cp311-cp311-manylinux2014_ppc64le.manylinux_2_17_ppc64le.whl", hash = "sha256:9c674887d1e0d4384c06c822bc7fcfede4952742e232ec1e76b5a6ae39a3ddd4"},
    {file = "psycopg_binary-3.2.12-cp311-cp311-manylinux2014_x86_64.manylinux_2_17_x86_64.whl", hash = "sha256:72fd979e410ba7805462817ef8ed6f37dd75f9f4ae109bdb8503e013ccecb80b"},
    {file = "psycopg_binary-3.2.12-cp311-cp311-musllinux_1_2_aarch64.whl", hash = "sha256:ec82fa5134517af44e28a30c38f34384773a0422ffd545fd298433ea9f2cc5a9"},
    {file = "psycopg_binary-3.2.12-cp311-cp311-musllinux_1_2_ppc64le.whl", hash = "sha256:100fdfee763d701f6da694bde711e264aca4c2bc84fb81e1669fb491ce11d219"},
    {file = "psycopg_binary-3.2.12-cp311-cp311-musllinux_1_2_x86_64.whl", hash = "sha256:802bd01fb18a0acb0dea491f69a9a2da6034f33329a62876ab5b558a1fb66b45"},
    {file = "psycopg_binary-3.2.12-cp311-cp311-win_amd64.whl", hash = "sha256:f33c9e12ed05e579b7fb3c8fdb10a165f41459394b8eb113e7c377b2bd027f61"},
    {file = "psycopg_binary-3.2.12-cp312-cp312-macosx_10_13_x86_64.whl", hash = "sha256:ea9751310b840186379c949ede5a5129b31439acdb929f3003a8685372117ed8"},
    {file = "psycopg_binary-3.2.12-cp312-cp312-macosx_11_0_arm64.whl", hash = "sha256:9fdf3a0c24822401c60c93640da69b3dfd4d9f29c3a8d797244fe22bfe592823"},
    {file = "psycopg_binary-3.2.12-cp312-cp312-manylinux2014_aarch64.manylinux_2_17_aarch64.whl", hash = "sha256:49582c3b6d578bdaab2932b59f70b1bd93351ed4d594b2c97cea1611633c9de1"},
    {file = "psycopg_binary-3.2.12-cp312-cp312-manylinux2014_ppc64le.manylinux_2_17_ppc64le.whl", hash = "sha256:5b6e505618cb376a7a7d6af86833a8f289833fe4cc97541d7100745081dc31bd"},
    {file = "psycopg_binary-3.2.12-cp312-cp312-manylinux2014_x86_64.manylinux_2_17_x86_64.whl", hash = "sha256:6a898717ab560db393355c6ecf39b8c534f252afc3131480db1251e061090d3a"},
    {file = "psycopg_binary-3.2.12-cp312-cp312-musllinux_1_2_aarch64.whl", hash = "sha256:bfd632f7038c76b0921f6d5621f5ba9ecabfad3042fa40e5875db11771d2a5de"},
    {file = "psycopg_binary-3.2.12-cp312-cp312-musllinux_1_2_ppc64le.whl", hash = "sha256:3e9c9e64fb7cda688e9488402611c0be2c81083664117edcc709d15f37faa30f"},
    {file = "psycopg_binary-3.2.12-cp312-cp312-musllinux_1_2_x86_64.whl", hash = "sha256:3c1e38b1eda54910628f68448598139a9818973755abf77950057372c1fe89a6"},
    {file = "psycopg_binary-3.2.12-cp312-cp312-win_amd64.whl", hash = "sha256:77690f0bf08356ca00fc357f50a5980c7a25f076c2c1f37d9d775a278234fefd"},
    {file = "psycopg_binary-3.2.12-cp313-cp313-macosx_10_13_x86_64.whl", hash = "sha256:442f20153415f374ae5753ca618637611a41a3c58c56d16ce55f845d76a3cf7b"},
    {file = "psycopg_binary-3.2.12-cp313-cp313-macosx_11_0_arm64.whl", hash = "sha256:79de3cc5adbf51677009a8fda35ac9e9e3686d5595ab4b0c43ec7099ece6aeb5"},
    {file = "psycopg_binary-3.2.12-cp313-cp313-manylinux2014_aarch64.manylinux_2_17_aarch64.whl", hash = "sha256:095ccda59042a1239ac2fefe693a336cb5cecf8944a8d9e98b07f07e94e2b78d"},
    {file = "psycopg_binary-3.2.12-cp313-cp313-manylinux2014_ppc64le.manylinux_2_17_ppc64le.whl", hash = "sha256:efab679a2c7d1bf7d0ec0e1ecb47fe764945eff75bb4321f2e699b30a12db9b3"},
    {file = "psycopg_binary-3.2.12-cp313-cp313-manylinux2014_x86_64.manylinux_2_17_x86_64.whl", hash = "sha256:d369e79ad9647fc8217cbb51bbbf11f9a1ffca450be31d005340157ffe8e91b3"},
    {file = "psycopg_binary-3.2.12-cp313-cp313-musllinux_1_2_aarch64.whl", hash = "sha256:eedc410f82007038030650aa58f620f9fe0009b9d6b04c3dc71cbd3bae5b2675"},
    {file = "psycopg_binary-3.2.12-cp313-cp313-musllinux_1_2_ppc64le.whl", hash = "sha256:f3bae4be7f6781bf6c9576eedcd5e1bb74468126fa6de991e47cdb1a8ea3a42a"},
    {file = "psycopg_binary-3.2.12-cp313-cp313-musllinux_1_2_x86_64.whl", hash = "sha256:8ffe75fe6be902dadd439adf4228c98138a992088e073ede6dd34e7235f4e03e"},
    {file = "psycopg_binary-3.2.12-cp313-cp313-win_amd64.whl", hash = "sha256:2598d0e4f2f258da13df0560187b3f1dfc9b8688c46b9d90176360ae5212c3fc"},
    {file = "psycopg_binary-3.2.12-cp314-cp314-macosx_10_13_x86_64.whl", hash = "sha256:dc68094e00a5a7e8c20de1d3a0d5e404a27f522e18f8eb62bbbc9f865c3c81ef"},
    {file = "psycopg_binary-3.2.12-cp314-cp314-macosx_11_0_arm64.whl", hash = "sha256:2d55009eeddbef54c711093c986daaf361d2c4210aaa1ee905075a3b97a62441"},
    {file = "psycopg_binary-3.2.12-cp314-cp314-manylinux2014_aarch64.manylinux_2_17_aarch64.whl", hash = "sha256:66a031f22e4418016990446d3e38143826f03ad811b9f78f58e2afbc1d343f7a"},
    {file = "psycopg_binary-3.2.12-cp314-cp314-manylinux2014_ppc64le.manylinux_2_17_ppc64le.whl", hash = "sha256:58ed30d33c25d7dc8d2f06285e88493147c2a660cc94713e4b563a99efb80a1f"},
    {file = "psycopg_binary-3.2.12-cp314-cp314-manylinux2014_x86_64.manylinux_2_17_x86_64.whl", hash = "sha256:e0b5ccd03ca4749b8f66f38608ccbcb415cbd130d02de5eda80d042b83bee90e"},
    {file = "psycopg_binary-3.2.12-cp314-cp314-musllinux_1_2_aarch64.whl", hash = "sha256:909de94de7dd4d6086098a5755562207114c9638ec42c52d84c8a440c45fe084"},
    {file = "psycopg_binary-3.2.12-cp314-cp314-musllinux_1_2_ppc64le.whl", hash = "sha256:7130effd0517881f3a852eff98729d51034128f0737f64f0d1c7ea8343d77bd7"},
    {file = "psycopg_binary-3.2.12-cp314-cp314-musllinux_1_2_x86_64.whl", hash = "sha256:89b3c5201ca616d69ca0c3c0003ca18f7170a679c445c7e386ebfb4f29aa738e"},
    {file = "psycopg_binary-3.2.12-cp314-cp314-win_amd64.whl", hash = "sha256:48a8e29f3e38fcf8d393b8fe460d83e39c107ad7e5e61cd3858a7569e0554a39"},
    {file = "psycopg_binary-3.2.12-cp38-cp38-macosx_10_9_x86_64.whl", hash = "sha256:2aa80ca8d17266507bef853cecefa7d632ffd087883ee7ca92b8a7ea14a1e581"},
    {file = "psycopg_binary-3.2.12-cp38-cp38-manylinux2014_aarch64.manylinux_2_17_aarch64.whl", hash = "sha256:deeb06b7141f3a577c3aa8562307e2747580ae43d705a0482603a2c1f110d046"},
    {file = "psycopg_binary-3.2.12-cp38-cp38-manylinux2014_ppc64le.manylinux_2_17_ppc64le.whl", hash = "sha256:32b3e12d9441508f9c4e1424f4478b1a518a90a087cd54be3754e74954934194"},
    {file = "psycopg_binary-3.2.12-cp38-cp38-manylinux2014_x86_64.manylinux_2_17_x86_64.whl", hash = "sha256:1d7cedecbe0bb60a2e72b1613fba4072a184a6472d6cc9aa99e540217f544e3e"},
    {file = "psycopg_binary-3.2.12-cp38-cp38-musllinux_1_2_aarch64.whl", hash = "sha256:ea049c8d33c4f4e6b030d5a68123c0ccd2ffb77d4035f073db97187b49b6422f"},
    {file = "psycopg_binary-3.2.12-cp38-cp38-musllinux_1_2_ppc64le.whl", hash = "sha256:f821e0c8a8fdfddfa71acb4f462d7a4c5aae1655f3f5e078970dbe9f19027386"},
    {file = "psycopg_binary-3.2.12-cp38-cp38-musllinux_1_2_x86_64.whl", hash = "sha256:ef40601b959cc1440deaf4d53472ab54fa51036c37189cf3fe5500559ac25347"},
    {file = "psycopg_binary-3.2.12-cp38-cp38-win_amd64.whl", hash = "sha256:0afb71a99871a41dd677d207c6a988d978edde5d6a018bafaed4f9da45357055"},
    {file = "psycopg_binary-3.2.12-cp39-cp39-macosx_10_9_x86_64.whl", hash = "sha256:f8107968a9eadb451cfa6cf86036006fdde32a83cd39c26c9ca46765e653b547"},
    {file = "psycopg_binary-3.2.12-cp39-cp39-macosx_11_0_arm64.whl", hash = "sha256:15e226f0d8af85cc8b2435b2e9bc6f0d40febc79eef76cf20fceac4d902a6a7b"},
    {file = "psycopg_binary-3.2.12-cp39-cp39-manylinux2014_aarch64.manylinux_2_17_aarch64.whl", hash = "sha256:f6ba1fe35fd215813dac4544a5ffc90f13713b29dd26e9e5be97ba53482bf6d6"},
    {file = "psycopg_binary-3.2.12-cp39-cp39-manylinux2014_ppc64le.manylinux_2_17_ppc64le.whl", hash = "sha256:26b5927b5880b396231ab6190ee5c8fb47ed3f459b53504ed5419faaf16d3bfb"},
    {file = "psycopg_binary-3.2.12-cp39-cp39-manylinux2014_x86_64.manylinux_2_17_x86_64.whl", hash = "sha256:ab02b7d138768fd6ac4230e45b073f7b9fd688d88c04f24c34df4a250a94d066"},
    {file = "psycopg_binary-3.2.12-cp39-cp39-musllinux_1_2_aarch64.whl", hash = "sha256:acb1811219a4144539f0baee224a11a2aa323a739c349799cf52f191eb87bc52"},
    {file = "psycopg_binary-3.2.12-cp39-cp39-musllinux_1_2_ppc64le.whl", hash = "sha256:356b4266e5cde7b5bbcf232f549dedf7fbed4983daa556042bdec397780e044d"},
    {file = "psycopg_binary-3.2.12-cp39-cp39-musllinux_1_2_x86_64.whl", hash = "sha256:489b154891f1c995355adeb1077ee3479e9c9bada721b93270c20243bbad6542"},
    {file = "psycopg_binary-3.2.12-cp39-cp39-win_amd64.whl", hash = "sha256:294f08b014f08dfd3c9b72408f5e1a0fd187bd86d7a85ead651e32dbd47aa038"},
]

[[package]]
name = "python-dotenv"
version = "1.2.1"
description = "Read key-value pairs from a .env file and set them as environment variables"
optional = false
python-versions = ">=3.9"
groups = ["main"]
files = [
    {file = "python_dotenv-1.2.1-py3-none-any.whl", hash = "sha256:b81ee9561e9ca4004139c6cbba3a238c32b03e4894671e181b671e8cb8425d61"},
    {file = "python_dotenv-1.2.1.tar.gz", hash = "sha256:42667e897e16ab0d66954af0e60a9caa94f0fd4ecf3aaf6d2d260eec1aa36ad6"},
]

[package.extras]
cli = ["click (>=5.0)"]

[[package]]
name = "ruff"
version = "0.14.5"
description = "An extremely fast Python linter and code formatter, written in Rust."
optional = false
python-versions = ">=3.7"
groups = ["dev"]
files = [
    {file = "ruff-0.14.5-py3-none-linux_armv6l.whl", hash = "sha256:f3b8248123b586de44a8018bcc9fefe31d23dda57a34e6f0e1e53bd51fd63594"},
    {file = "ruff-0.14.5-py3-none-macosx_10_12_x86_64.whl", hash = "sha256:f7a75236570318c7a30edd7f5491945f0169de738d945ca8784500b517163a72"},
    {file = "ruff-0.14.5-py3-none-macosx_11_0_arm64.whl", hash = "sha256:6d146132d1ee115f8802356a2dc9a634dbf58184c51bff21f313e8cd1c74899a"},
    {file = "ruff-0.14.5-py3-none-manylinux_2_17_aarch64.manylinux2014_aarch64.whl", hash = "sha256:e2380596653dcd20b057794d55681571a257a42327da8894b93bbd6111aa801f"},
    {file = "ruff-0.14.5-py3-none-manylinux_2_17_armv7l.manylinux2014_armv7l.whl", hash = "sha256:2d1fa985a42b1f075a098fa1ab9d472b712bdb17ad87a8ec86e45e7fa6273e68"},
    {file = "ruff-0.14.5-py3-none-manylinux_2_17_i686.manylinux2014_i686.whl", hash = "sha256:88f0770d42b7fa02bbefddde15d235ca3aa24e2f0137388cc15b2dcbb1f7c7a7"},
    {file = "ruff-0.14.5-py3-none-manylinux_2_17_ppc64.manylinux2014_ppc64.whl", hash = "sha256:3676cb02b9061fee7294661071c4709fa21419ea9176087cb77e64410926eb78"},
    {file = "ruff-0.14.5-py3-none-manylinux_2_17_ppc64le.manylinux2014_ppc64le.whl", hash = "sha256:b595bedf6bc9cab647c4a173a61acf4f1ac5f2b545203ba82f30fcb10b0318fb"},
    {file = "ruff-0.14.5-py3-none-manylinux_2_17_s390x.manylinux2014_s390x.whl", hash = "sha256:f55382725ad0bdb2e8ee2babcbbfb16f124f5a59496a2f6a46f1d9d99d93e6e2"},
    {file = "ruff-0.14.5-py3-none-manylinux_2_17_x86_64.manylinux2014_x86_64.whl", hash = "sha256:7497d19dce23976bdaca24345ae131a1d38dcfe1b0850ad8e9e6e4fa321a6e19"},
    {file = "ruff-0.14.5-py3-none-manylinux_2_31_riscv64.whl", hash = "sha256:410e781f1122d6be4f446981dd479470af86537fb0b8857f27a6e872f65a38e4"},
    {file = "ruff-0.14.5-py3-none-musllinux_1_2_aarch64.whl", hash = "sha256:c01be527ef4c91a6d55e53b337bfe2c0f82af024cc1a33c44792d6844e2331e1"},
    {file = "ruff-0.14.5-py3-none-musllinux_1_2_armv7l.whl", hash = "sha256:f66e9bb762e68d66e48550b59c74314168ebb46199886c5c5aa0b0fbcc81b151"},
    {file = "ruff-0.14.5-py3-none-musllinux_1_2_i686.whl", hash = "sha256:d93be8f1fa01022337f1f8f3bcaa7ffee2d0b03f00922c45c2207954f351f465"},
    {file = "ruff-0.14.5-py3-none-musllinux_1_2_x86_64.whl", hash = "sha256:c135d4b681f7401fe0e7312017e41aba9b3160861105726b76cfa14bc25aa367"},
    {file = "ruff-0.14.5-py3-none-win32.whl", hash = "sha256:c83642e6fccfb6dea8b785eb9f456800dcd6a63f362238af5fc0c83d027dd08b"},
    {file = "ruff-0.14.5-py3-none-win_amd64.whl", hash = "sha256:9d55d7af7166f143c94eae1db3312f9ea8f95a4defef1979ed516dbb38c27621"},
    {file = "ruff-0.14.5-py3-none-win_arm64.whl", hash = "sha256:4b700459d4649e2594b31f20a9de33bc7c19976d4746d8d0798ad959621d64a4"},
    {file = "ruff-0.14.5.tar.gz", hash = "sha256:8d3b48d7d8aad423d3137af7ab6c8b1e38e4de104800f0d596990f6ada1a9fc1"},
]

[[package]]
name = "sqlparse"
version = "0.5.3"
description = "A non-validating SQL parser."
optional = false
python-versions = ">=3.8"
groups = ["main"]
files = [
    {file = "sqlparse-0.5.3-py3-none-any.whl", hash = "sha256:cf2196ed3418f3ba5de6af7e82c694a9fbdbfecccdfc72e281548517081f16ca"},
    {file = "sqlparse-0.5.3.tar.gz", hash = "sha256:09f67787f56a0b16ecdbde1bfc7f5d9c3371ca683cfeaa8e6ff60b4807ec9272"},
]

[package.extras]
dev = ["build", "hatch"]
doc = ["sphinx"]

[[package]]
name = "tzdata"
version = "2025.2"
description = "Provider of IANA time zone data"
optional = false
python-versions = ">=2"
groups = ["main"]
markers = "sys_platform == \"win32\""
files = [
    {file = "tzdata-2025.2-py2.py3-none-any.whl", hash = "sha256:1a403fada01ff9221ca8044d701868fa132215d84beb92242d9acd2147f667a8"},
    {file = "tzdata-2025.2.tar.gz", hash = "sha256:b60a638fcc0daffadf82fe0f57e53d06bdec2f36c4df66280ae79bce6bd6f2b9"},
]

[metadata]
lock-version = "2.1"
python-versions = ">3.13,<3.14"
content-hash = "5a4a3ab79e38e31e00722f2ede82f3b89e99bc296d6dacfe018b93a1915acf04"
